
Microsoft Visual Studio Solution File, Format Version 12.00
# Visual Studio Version 17
VisualStudioVersion = 17.1.32328.378
MinimumVisualStudioVersion = 10.0.40219.1
Project("{2150E333-8FDC-42A3-9474-1A3956D46DE8}") = "Solution Items", "Solution Items", "{FB521973-C057-463E-8CD4-9A278491EFBA}"
	ProjectSection(SolutionItems) = preProject
		.editorconfig = .editorconfig
		.gitattributes = .gitattributes
		.gitignore = .gitignore
		src\Directory.Build.props = src\Directory.Build.props
		..\Densen.Extensions\Directory.Build.props = ..\Densen.Extensions\Directory.Build.props
		README.md = README.md
	EndProjectSection
EndProject
Project("{9A19103F-16F7-4668-BE54-9A1E7A4F7556}") = "Densen.Extensions.Freesql.BootstrapBlazor", "src\BootstrapBlazor.DataAcces.FreeSql\Densen.Extensions.Freesql.BootstrapBlazor.csproj", "{B285A40A-3415-4C56-B412-F18FFDA696C8}"
EndProject
Project("{9A19103F-16F7-4668-BE54-9A1E7A4F7556}") = "BootstrapBlazor.Table.Freesql", "src\BootstrapBlazor.Table.Freesql\BootstrapBlazor.Table.Freesql.csproj", "{6ECC2CF8-87A9-48DC-B6C7-848BD5D1F9FB}"
EndProject
Project("{9A19103F-16F7-4668-BE54-9A1E7A4F7556}") = "BootstrapBlazor.Table.ImportExportsService", "src\BootstrapBlazor.Table.ImportExportsService\BootstrapBlazor.Table.ImportExportsService.csproj", "{F14FD358-D998-46F9-B097-1CD875DD7032}"
EndProject
Project("{2150E333-8FDC-42A3-9474-1A3956D46DE8}") = "Demo", "Demo", "{C1F64296-978F-4E3F-802A-129FCD335616}"
EndProject
Project("{9A19103F-16F7-4668-BE54-9A1E7A4F7556}") = "BlazorApp1", "Demo\BlazorApp1\BlazorApp1.csproj", "{947067D6-468B-46E0-8A90-4C3F11163104}"
EndProject
Project("{9A19103F-16F7-4668-BE54-9A1E7A4F7556}") = "ConsoleApp1", "Demo\ConsoleApp1\ConsoleApp1.csproj", "{2DDF3283-8006-400E-B044-24AE6A0B86BD}"
EndProject
Project("{9A19103F-16F7-4668-BE54-9A1E7A4F7556}") = "Densen.Extensions.BootstrapBlazor", "..\Densen.Extensions\Blazor\Densen.Extensions.BootstrapBlazor.csproj", "{23890B60-B8FB-4048-9076-9F4AC66ED4F4}"
EndProject
Project("{9A19103F-16F7-4668-BE54-9A1E7A4F7556}") = "BootstrapBlazor.Table.ImportExportsMiniService", "src\BootstrapBlazor.Table.ImportExportsMiniService\BootstrapBlazor.Table.ImportExportsMiniService.csproj", "{E2E7E360-0329-4B95-B8CE-D15D8F3A06C4}"
EndProject
Project("{2150E333-8FDC-42A3-9474-1A3956D46DE8}") = "Test", "Test", "{B9DF529D-F887-477F-BA61-367BF64D2F3E}"
EndProject
Project("{9A19103F-16F7-4668-BE54-9A1E7A4F7556}") = "ConsoleMagicodes.IE.Test", "test\ConsoleAppTest\ConsoleMagicodes.IE.Test.csproj", "{3482615E-C15A-41AD-B7CB-382BF0C33402}"
EndProject
Project("{9A19103F-16F7-4668-BE54-9A1E7A4F7556}") = "AME.Extensions", "..\Densen.Extensions\AME.Extensions\AME.Extensions.csproj", "{FC626360-4750-421C-8687-55FA80DFB486}"
EndProject
Project("{2150E333-8FDC-42A3-9474-1A3956D46DE8}") = "ExSrc", "ExSrc", "{982D8CE0-912F-4747-86D5-4855EF2DF8FD}"
EndProject
Project("{2150E333-8FDC-42A3-9474-1A3956D46DE8}") = "ImportExports", "ImportExports", "{9C5801A2-EB12-4907-AFAA-F6392BD44470}"
EndProject
Global
	GlobalSection(SolutionConfigurationPlatforms) = preSolution
		Debug|Any CPU = Debug|Any CPU
		DebugSC|Any CPU = DebugSC|Any CPU
		Preview|Any CPU = Preview|Any CPU
		Release|Any CPU = Release|Any CPU
	EndGlobalSection
	GlobalSection(ProjectConfigurationPlatforms) = postSolution
		{B285A40A-3415-4C56-B412-F18FFDA696C8}.Debug|Any CPU.ActiveCfg = Debug|Any CPU
		{B285A40A-3415-4C56-B412-F18FFDA696C8}.Debug|Any CPU.Build.0 = Debug|Any CPU
		{B285A40A-3415-4C56-B412-F18FFDA696C8}.DebugSC|Any CPU.ActiveCfg = DebugSC|Any CPU
		{B285A40A-3415-4C56-B412-F18FFDA696C8}.DebugSC|Any CPU.Build.0 = DebugSC|Any CPU
		{B285A40A-3415-4C56-B412-F18FFDA696C8}.Preview|Any CPU.ActiveCfg = Debug|Any CPU
		{B285A40A-3415-4C56-B412-F18FFDA696C8}.Preview|Any CPU.Build.0 = Debug|Any CPU
		{B285A40A-3415-4C56-B412-F18FFDA696C8}.Release|Any CPU.ActiveCfg = Release|Any CPU
		{B285A40A-3415-4C56-B412-F18FFDA696C8}.Release|Any CPU.Build.0 = Release|Any CPU
		{6ECC2CF8-87A9-48DC-B6C7-848BD5D1F9FB}.Debug|Any CPU.ActiveCfg = Debug|Any CPU
		{6ECC2CF8-87A9-48DC-B6C7-848BD5D1F9FB}.Debug|Any CPU.Build.0 = Debug|Any CPU
		{6ECC2CF8-87A9-48DC-B6C7-848BD5D1F9FB}.DebugSC|Any CPU.ActiveCfg = DebugSC|Any CPU
		{6ECC2CF8-87A9-48DC-B6C7-848BD5D1F9FB}.DebugSC|Any CPU.Build.0 = DebugSC|Any CPU
		{6ECC2CF8-87A9-48DC-B6C7-848BD5D1F9FB}.Preview|Any CPU.ActiveCfg = Debug|Any CPU
		{6ECC2CF8-87A9-48DC-B6C7-848BD5D1F9FB}.Preview|Any CPU.Build.0 = Debug|Any CPU
		{6ECC2CF8-87A9-48DC-B6C7-848BD5D1F9FB}.Release|Any CPU.ActiveCfg = Release|Any CPU
		{6ECC2CF8-87A9-48DC-B6C7-848BD5D1F9FB}.Release|Any CPU.Build.0 = Release|Any CPU
		{F14FD358-D998-46F9-B097-1CD875DD7032}.Debug|Any CPU.ActiveCfg = Debug|Any CPU
		{F14FD358-D998-46F9-B097-1CD875DD7032}.Debug|Any CPU.Build.0 = Debug|Any CPU
		{F14FD358-D998-46F9-B097-1CD875DD7032}.DebugSC|Any CPU.ActiveCfg = DebugSC|Any CPU
		{F14FD358-D998-46F9-B097-1CD875DD7032}.DebugSC|Any CPU.Build.0 = DebugSC|Any CPU
		{F14FD358-D998-46F9-B097-1CD875DD7032}.Preview|Any CPU.ActiveCfg = Debug|Any CPU
		{F14FD358-D998-46F9-B097-1CD875DD7032}.Preview|Any CPU.Build.0 = Debug|Any CPU
		{F14FD358-D998-46F9-B097-1CD875DD7032}.Release|Any CPU.ActiveCfg = Release|Any CPU
		{F14FD358-D998-46F9-B097-1CD875DD7032}.Release|Any CPU.Build.0 = Release|Any CPU
		{947067D6-468B-46E0-8A90-4C3F11163104}.Debug|Any CPU.ActiveCfg = Debug|Any CPU
		{947067D6-468B-46E0-8A90-4C3F11163104}.Debug|Any CPU.Build.0 = Debug|Any CPU
		{947067D6-468B-46E0-8A90-4C3F11163104}.DebugSC|Any CPU.ActiveCfg = DebugSC|Any CPU
		{947067D6-468B-46E0-8A90-4C3F11163104}.DebugSC|Any CPU.Build.0 = DebugSC|Any CPU
		{947067D6-468B-46E0-8A90-4C3F11163104}.Preview|Any CPU.ActiveCfg = Debug|Any CPU
		{947067D6-468B-46E0-8A90-4C3F11163104}.Preview|Any CPU.Build.0 = Debug|Any CPU
		{947067D6-468B-46E0-8A90-4C3F11163104}.Release|Any CPU.ActiveCfg = Release|Any CPU
		{947067D6-468B-46E0-8A90-4C3F11163104}.Release|Any CPU.Build.0 = Release|Any CPU
		{2DDF3283-8006-400E-B044-24AE6A0B86BD}.Debug|Any CPU.ActiveCfg = Debug|Any CPU
		{2DDF3283-8006-400E-B044-24AE6A0B86BD}.Debug|Any CPU.Build.0 = Debug|Any CPU
		{2DDF3283-8006-400E-B044-24AE6A0B86BD}.DebugSC|Any CPU.ActiveCfg = DebugSC|Any CPU
		{2DDF3283-8006-400E-B044-24AE6A0B86BD}.DebugSC|Any CPU.Build.0 = DebugSC|Any CPU
		{2DDF3283-8006-400E-B044-24AE6A0B86BD}.Preview|Any CPU.ActiveCfg = Debug|Any CPU
		{2DDF3283-8006-400E-B044-24AE6A0B86BD}.Preview|Any CPU.Build.0 = Debug|Any CPU
		{2DDF3283-8006-400E-B044-24AE6A0B86BD}.Release|Any CPU.ActiveCfg = Release|Any CPU
		{2DDF3283-8006-400E-B044-24AE6A0B86BD}.Release|Any CPU.Build.0 = Release|Any CPU
		{23890B60-B8FB-4048-9076-9F4AC66ED4F4}.Debug|Any CPU.ActiveCfg = Debug|Any CPU
		{23890B60-B8FB-4048-9076-9F4AC66ED4F4}.Debug|Any CPU.Build.0 = Debug|Any CPU
		{23890B60-B8FB-4048-9076-9F4AC66ED4F4}.DebugSC|Any CPU.ActiveCfg = DebugSC|Any CPU
		{23890B60-B8FB-4048-9076-9F4AC66ED4F4}.DebugSC|Any CPU.Build.0 = DebugSC|Any CPU
		{23890B60-B8FB-4048-9076-9F4AC66ED4F4}.Preview|Any CPU.ActiveCfg = Preview|Any CPU
		{23890B60-B8FB-4048-9076-9F4AC66ED4F4}.Preview|Any CPU.Build.0 = Preview|Any CPU
		{23890B60-B8FB-4048-9076-9F4AC66ED4F4}.Release|Any CPU.ActiveCfg = Release|Any CPU
		{23890B60-B8FB-4048-9076-9F4AC66ED4F4}.Release|Any CPU.Build.0 = Release|Any CPU
		{E2E7E360-0329-4B95-B8CE-D15D8F3A06C4}.Debug|Any CPU.ActiveCfg = Debug|Any CPU
		{E2E7E360-0329-4B95-B8CE-D15D8F3A06C4}.Debug|Any CPU.Build.0 = Debug|Any CPU
		{E2E7E360-0329-4B95-B8CE-D15D8F3A06C4}.DebugSC|Any CPU.ActiveCfg = DebugSC|Any CPU
		{E2E7E360-0329-4B95-B8CE-D15D8F3A06C4}.DebugSC|Any CPU.Build.0 = DebugSC|Any CPU
		{E2E7E360-0329-4B95-B8CE-D15D8F3A06C4}.Preview|Any CPU.ActiveCfg = Debug|Any CPU
		{E2E7E360-0329-4B95-B8CE-D15D8F3A06C4}.Preview|Any CPU.Build.0 = Debug|Any CPU
		{E2E7E360-0329-4B95-B8CE-D15D8F3A06C4}.Release|Any CPU.ActiveCfg = Release|Any CPU
		{E2E7E360-0329-4B95-B8CE-D15D8F3A06C4}.Release|Any CPU.Build.0 = Release|Any CPU
		{3482615E-C15A-41AD-B7CB-382BF0C33402}.Debug|Any CPU.ActiveCfg = Debug|Any CPU
		{3482615E-C15A-41AD-B7CB-382BF0C33402}.Debug|Any CPU.Build.0 = Debug|Any CPU
		{3482615E-C15A-41AD-B7CB-382BF0C33402}.DebugSC|Any CPU.ActiveCfg = DebugSC|Any CPU
		{3482615E-C15A-41AD-B7CB-382BF0C33402}.DebugSC|Any CPU.Build.0 = DebugSC|Any CPU
		{3482615E-C15A-41AD-B7CB-382BF0C33402}.Preview|Any CPU.ActiveCfg = Debug|Any CPU
		{3482615E-C15A-41AD-B7CB-382BF0C33402}.Preview|Any CPU.Build.0 = Debug|Any CPU
		{3482615E-C15A-41AD-B7CB-382BF0C33402}.Release|Any CPU.ActiveCfg = Release|Any CPU
		{3482615E-C15A-41AD-B7CB-382BF0C33402}.Release|Any CPU.Build.0 = Release|Any CPU
		{FC626360-4750-421C-8687-55FA80DFB486}.Debug|Any CPU.ActiveCfg = Debug|Any CPU
		{FC626360-4750-421C-8687-55FA80DFB486}.Debug|Any CPU.Build.0 = Debug|Any CPU
		{FC626360-4750-421C-8687-55FA80DFB486}.DebugSC|Any CPU.ActiveCfg = Debug|Any CPU
		{FC626360-4750-421C-8687-55FA80DFB486}.DebugSC|Any CPU.Build.0 = Debug|Any CPU
		{FC626360-4750-421C-8687-55FA80DFB486}.Preview|Any CPU.ActiveCfg = Preview|Any CPU
		{FC626360-4750-421C-8687-55FA80DFB486}.Preview|Any CPU.Build.0 = Preview|Any CPU
		{FC626360-4750-421C-8687-55FA80DFB486}.Release|Any CPU.ActiveCfg = Release|Any CPU
		{FC626360-4750-421C-8687-55FA80DFB486}.Release|Any CPU.Build.0 = Release|Any CPU
	EndGlobalSection
	GlobalSection(SolutionProperties) = preSolution
		HideSolutionNode = FALSE
	EndGlobalSection
	GlobalSection(NestedProjects) = preSolution
		{6ECC2CF8-87A9-48DC-B6C7-848BD5D1F9FB} = {9C5801A2-EB12-4907-AFAA-F6392BD44470}
		{F14FD358-D998-46F9-B097-1CD875DD7032} = {9C5801A2-EB12-4907-AFAA-F6392BD44470}
		{947067D6-468B-46E0-8A90-4C3F11163104} = {C1F64296-978F-4E3F-802A-129FCD335616}
		{2DDF3283-8006-400E-B044-24AE6A0B86BD} = {C1F64296-978F-4E3F-802A-129FCD335616}
		{23890B60-B8FB-4048-9076-9F4AC66ED4F4} = {982D8CE0-912F-4747-86D5-4855EF2DF8FD}
		{E2E7E360-0329-4B95-B8CE-D15D8F3A06C4} = {9C5801A2-EB12-4907-AFAA-F6392BD44470}
		{3482615E-C15A-41AD-B7CB-382BF0C33402} = {B9DF529D-F887-477F-BA61-367BF64D2F3E}
		{FC626360-4750-421C-8687-55FA80DFB486} = {982D8CE0-912F-4747-86D5-4855EF2DF8FD}
	EndGlobalSection
	GlobalSection(ExtensibilityGlobals) = postSolution
		SolutionGuid = {C8B41E9C-39E0-4B91-BB02-39FD2714C2D7}
	EndGlobalSection
EndGlobal
