
Microsoft Visual Studio Solution File, Format Version 12.00
# Visual Studio Version 17
VisualStudioVersion = 17.6.33723.286
MinimumVisualStudioVersion = 10.0.40219.1
Project("{9A19103F-16F7-4668-BE54-9A1E7A4F7556}") = "ConsoleMagicodes.IE.Test", "ConsoleMagicodes.IE.Test.csproj", "{C38D2F76-CED8-42CC-AD9A-AD68B2EC4C19}"
EndProject
Global
	GlobalSection(SolutionConfigurationPlatforms) = preSolution
		Debug|Any CPU = Debug|Any CPU
		Release|Any CPU = Release|Any CPU
	EndGlobalSection
	GlobalSection(ProjectConfigurationPlatforms) = postSolution
		{C38D2F76-CED8-42CC-AD9A-AD68B2EC4C19}.Debug|Any CPU.ActiveCfg = Debug|Any CPU
		{C38D2F76-CED8-42CC-AD9A-AD68B2EC4C19}.Debug|Any CPU.Build.0 = Debug|Any CPU
		{C38D2F76-CED8-42CC-AD9A-AD68B2EC4C19}.Release|Any CPU.ActiveCfg = Release|Any CPU
		{C38D2F76-CED8-42CC-AD9A-AD68B2EC4C19}.Release|Any CPU.Build.0 = Release|Any CPU
	EndGlobalSection
	GlobalSection(SolutionProperties) = preSolution
		HideSolutionNode = FALSE
	EndGlobalSection
	GlobalSection(ExtensibilityGlobals) = postSolution
		SolutionGuid = {21B873D2-9D04-448A-9B2D-F1C02551C287}
	EndGlobalSection
EndGlobal
